
Microsoft Visual Studio Solution File, Format Version 12.00
# Visual Studio Version 16
VisualStudioVersion = 16.0.31729.503
MinimumVisualStudioVersion = 10.0.40219.1
Project("{FAE04EC0-301F-11D3-BF4B-00C04F79EFBC}") = "ApiCatalogosJogos", "ApiCatalogosJogos\ApiCatalogosJogos.csproj", "{BEADC0FB-6662-4684-9AFA-C31FA653731E}"
EndProject
Global
	GlobalSection(SolutionConfigurationPlatforms) = preSolution
		Debug|Any CPU = Debug|Any CPU
		Release|Any CPU = Release|Any CPU
	EndGlobalSection
	GlobalSection(ProjectConfigurationPlatforms) = postSolution
		{BEADC0FB-6662-4684-9AFA-C31FA653731E}.Debug|Any CPU.ActiveCfg = Debug|Any CPU
		{BEADC0FB-6662-4684-9AFA-C31FA653731E}.Debug|Any CPU.Build.0 = Debug|Any CPU
		{BEADC0FB-6662-4684-9AFA-C31FA653731E}.Release|Any CPU.ActiveCfg = Release|Any CPU
		{BEADC0FB-6662-4684-9AFA-C31FA653731E}.Release|Any CPU.Build.0 = Release|Any CPU
	EndGlobalSection
	GlobalSection(SolutionProperties) = preSolution
		HideSolutionNode = FALSE
	EndGlobalSection
	GlobalSection(ExtensibilityGlobals) = postSolution
		SolutionGuid = {E2F1BC6C-FCC5-42EF-B2D8-81C18EFF576E}
	EndGlobalSection
EndGlobal
